
Microsoft Visual Studio Solution File, Format Version 12.00
# Visual Studio 15
VisualStudioVersion = 15.0.28307.489
MinimumVisualStudioVersion = 10.0.40219.1
Project("{FAE04EC0-301F-11D3-BF4B-00C04F79EFBC}") = "FireGame_assignment", "FireGame_assignment\FireGame_assignment.csproj", "{4033D0FC-096A-4DC5-BB93-DB06B8E8CBCD}"
EndProject
Project("{FAE04EC0-301F-11D3-BF4B-00C04F79EFBC}") = "FireGame_assignmentTests", "FireGame_assignmentTests\FireGame_assignmentTests.csproj", "{F58A6DA9-C1C4-4D0D-A31A-A5239920D004}"
EndProject
Global
	GlobalSection(SolutionConfigurationPlatforms) = preSolution
		Debug|Any CPU = Debug|Any CPU
		Release|Any CPU = Release|Any CPU
	EndGlobalSection
	GlobalSection(ProjectConfigurationPlatforms) = postSolution
		{4033D0FC-096A-4DC5-BB93-DB06B8E8CBCD}.Debug|Any CPU.ActiveCfg = Debug|Any CPU
		{4033D0FC-096A-4DC5-BB93-DB06B8E8CBCD}.Debug|Any CPU.Build.0 = Debug|Any CPU
		{4033D0FC-096A-4DC5-BB93-DB06B8E8CBCD}.Release|Any CPU.ActiveCfg = Release|Any CPU
		{4033D0FC-096A-4DC5-BB93-DB06B8E8CBCD}.Release|Any CPU.Build.0 = Release|Any CPU
		{F58A6DA9-C1C4-4D0D-A31A-A5239920D004}.Debug|Any CPU.ActiveCfg = Debug|Any CPU
		{F58A6DA9-C1C4-4D0D-A31A-A5239920D004}.Debug|Any CPU.Build.0 = Debug|Any CPU
		{F58A6DA9-C1C4-4D0D-A31A-A5239920D004}.Release|Any CPU.ActiveCfg = Release|Any CPU
		{F58A6DA9-C1C4-4D0D-A31A-A5239920D004}.Release|Any CPU.Build.0 = Release|Any CPU
	EndGlobalSection
	GlobalSection(SolutionProperties) = preSolution
		HideSolutionNode = FALSE
	EndGlobalSection
	GlobalSection(ExtensibilityGlobals) = postSolution
		SolutionGuid = {C6FCAA14-6A8C-4B38-9E4D-472A3EF8941D}
	EndGlobalSection
EndGlobal
